
Microsoft Visual Studio Solution File, Format Version 12.00
# Visual Studio Version 17
VisualStudioVersion = 17.14.37314.3 d17.14
MinimumVisualStudioVersion = 10.0.40219.1
Project("{8BC9CEB8-8B4A-11D0-8D11-00A0C91BC942}") = "test", "test.vcxproj", "{D0361C80-F5A8-4BB0-84BA-6BC665050598}"
EndProject
Global
	GlobalSection(SolutionConfigurationPlatforms) = preSolution
		Debug|x64 = Debug|x64
		Debug|x86 = Debug|x86
		Release|x64 = Release|x64
		Release|x86 = Release|x86
	EndGlobalSection
	GlobalSection(ProjectConfigurationPlatforms) = postSolution
		{D0361C80-F5A8-4BB0-84BA-6BC665050598}.Debug|x64.ActiveCfg = Debug|x64
		{D0361C80-F5A8-4BB0-84BA-6BC665050598}.Debug|x64.Build.0 = Debug|x64
		{D0361C80-F5A8-4BB0-84BA-6BC665050598}.Debug|x86.ActiveCfg = Debug|Win32
		{D0361C80-F5A8-4BB0-84BA-6BC665050598}.Debug|x86.Build.0 = Debug|Win32
		{D0361C80-F5A8-4BB0-84BA-6BC665050598}.Release|x64.ActiveCfg = Release|x64
		{D0361C80-F5A8-4BB0-84BA-6BC665050598}.Release|x64.Build.0 = Release|x64
		{D0361C80-F5A8-4BB0-84BA-6BC665050598}.Release|x86.ActiveCfg = Release|Win32
		{D0361C80-F5A8-4BB0-84BA-6BC665050598}.Release|x86.Build.0 = Release|Win32
	EndGlobalSection
	GlobalSection(SolutionProperties) = preSolution
		HideSolutionNode = FALSE
	EndGlobalSection
	GlobalSection(ExtensibilityGlobals) = postSolution
		SolutionGuid = {1C56102B-7B50-433C-9534-54A1CD73AD72}
	EndGlobalSection
EndGlobal
